
Microsoft Visual Studio Solution File, Format Version 12.00
# Visual Studio Version 17
VisualStudioVersion = 17.11.35208.52
MinimumVisualStudioVersion = 10.0.40219.1
Project("{FAE04EC0-301F-11D3-BF4B-00C04F79EFBC}") = "02-PingProcessInformationToWebsiteService", "02-PingProcessInformationToWebsiteService.csproj", "{9490F488-E4F1-4B51-815C-99549E1D984D}"
EndProject
Global
	GlobalSection(SolutionConfigurationPlatforms) = preSolution
		Debug|Any CPU = Debug|Any CPU
		Release|Any CPU = Release|Any CPU
	EndGlobalSection
	GlobalSection(ProjectConfigurationPlatforms) = postSolution
		{9490F488-E4F1-4B51-815C-99549E1D984D}.Debug|Any CPU.ActiveCfg = Debug|Any CPU
		{9490F488-E4F1-4B51-815C-99549E1D984D}.Debug|Any CPU.Build.0 = Debug|Any CPU
		{9490F488-E4F1-4B51-815C-99549E1D984D}.Release|Any CPU.ActiveCfg = Release|Any CPU
		{9490F488-E4F1-4B51-815C-99549E1D984D}.Release|Any CPU.Build.0 = Release|Any CPU
	EndGlobalSection
	GlobalSection(SolutionProperties) = preSolution
		HideSolutionNode = FALSE
	EndGlobalSection
	GlobalSection(ExtensibilityGlobals) = postSolution
		SolutionGuid = {C7C0B4D7-5BF8-49FB-94C5-7E56EC5E3DB9}
	EndGlobalSection
EndGlobal
